Microsoft Visual Studio Solution File, Format Version 8.00
Project("{8BC9CEB8-8B4A-11D0-8D11-00A0C91BC942}") = "dcx", "dcx.vcproj", "{6A3D5662-4DA4-47EB-9DDF-98584E702805}"
	ProjectSection(ProjectDependencies) = postProject
	EndProjectSection
EndProject
Global
	GlobalSection(SolutionConfiguration) = preSolution
		Debug = Debug
		Release = Release
	EndGlobalSection
	GlobalSection(ProjectConfiguration) = postSolution
		{6A3D5662-4DA4-47EB-9DDF-98584E702805}.Debug.ActiveCfg = Debug|Win32
		{6A3D5662-4DA4-47EB-9DDF-98584E702805}.Debug.Build.0 = Debug|Win32
		{6A3D5662-4DA4-47EB-9DDF-98584E702805}.Release.ActiveCfg = Release|Win32
		{6A3D5662-4DA4-47EB-9DDF-98584E702805}.Release.Build.0 = Release|Win32
	EndGlobalSection
	GlobalSection(ExtensibilityGlobals) = postSolution
	EndGlobalSection
	GlobalSection(ExtensibilityAddIns) = postSolution
	EndGlobalSection
EndGlobal
